# THIS IS AN AUTOGENERATED FILE. DO NOT EDIT THIS FILE DIRECTLY.
# yarn lockfile v1


"@esbuild/aix-ppc64@0.21.5":
  version "0.21.5"
  resolved "https://registry.yarnpkg.com/@esbuild/aix-ppc64/-/aix-ppc64-0.21.5.tgz#c7184a326533fcdf1b8ee0733e21c713b975575f"

"@esbuild/aix-ppc64@0.23.0":
  version "0.23.0"
  resolved "https://registry.yarnpkg.com/@esbuild/aix-ppc64/-/aix-ppc64-0.23.0.tgz#145b74d5e4a5223489cabdc238d8dad902df5259"

"@esbuild/android-arm64@0.21.5":
  version "0.21.5"
  resolved "https://registry.yarnpkg.com/@esbuild/android-arm64/-/android-arm64-0.21.5.tgz#09d9b4357780da9ea3a7dfb833a1f1ff439b4052"

"@esbuild/android-arm64@0.23.0":
  version "0.23.0"
  resolved "https://registry.yarnpkg.com/@esbuild/android-arm64/-/android-arm64-0.23.0.tgz#453bbe079fc8d364d4c5545069e8260228559832"

"@esbuild/android-arm@0.21.5":
  version "0.21.5"
  resolved "https://registry.yarnpkg.com/@esbuild/android-arm/-/android-arm-0.21.5.tgz#9b04384fb771926dfa6d7ad04324ecb2ab9b2e28"

"@esbuild/android-arm@0.23.0":
  version "0.23.0"
  resolved "https://registry.yarnpkg.com/@esbuild/android-arm/-/android-arm-0.23.0.tgz#26c806853aa4a4f7e683e519cd9d68e201ebcf99"

"@esbuild/android-x64@0.21.5":
  version "0.21.5"
  resolved "https://registry.yarnpkg.com/@esbuild/android-x64/-/android-x64-0.21.5.tgz#29918ec2db754cedcb6c1b04de8cd6547af6461e"

"@esbuild/android-x64@0.23.0":
  version "0.23.0"
  resolved "https://registry.yarnpkg.com/@esbuild/android-x64/-/android-x64-0.23.0.tgz#1e51af9a6ac1f7143769f7ee58df5b274ed202e6"

"@esbuild/darwin-arm64@0.21.5":
  version "0.21.5"
  resolved "https://registry.yarnpkg.com/@esbuild/darwin-arm64/-/darwin-arm64-0.21.5.tgz#e495b539660e51690f3928af50a76fb0a6ccff2a"

"@esbuild/darwin-arm64@0.23.0":
  version "0.23.0"
  resolved "https://registry.yarnpkg.com/@esbuild/darwin-arm64/-/darwin-arm64-0.23.0.tgz#d996187a606c9534173ebd78c58098a44dd7ef9e"

"@esbuild/darwin-x64@0.21.5":
  version "0.21.5"
  resolved "https://registry.yarnpkg.com/@esbuild/darwin-x64/-/darwin-x64-0.21.5.tgz#c13838fa57372839abdddc91d71542ceea2e1e22"

"@esbuild/darwin-x64@0.23.0":
  version "0.23.0"
  resolved "https://registry.yarnpkg.com/@esbuild/darwin-x64/-/darwin-x64-0.23.0.tgz#30c8f28a7ef4e32fe46501434ebe6b0912e9e86c"

"@esbuild/freebsd-arm64@0.21.5":
  version "0.21.5"
  resolved "https://registry.yarnpkg.com/@esbuild/freebsd-arm64/-/freebsd-arm64-0.21.5.tgz#646b989aa20bf89fd071dd5dbfad69a3542e550e"

"@esbuild/freebsd-arm64@0.23.0":
  version "0.23.0"
  resolved "https://registry.yarnpkg.com/@esbuild/freebsd-arm64/-/freebsd-arm64-0.23.0.tgz#30f4fcec8167c08a6e8af9fc14b66152232e7fb4"

"@esbuild/freebsd-x64@0.21.5":
  version "0.21.5"
  resolved "https://registry.yarnpkg.com/@esbuild/freebsd-x64/-/freebsd-x64-0.21.5.tgz#aa615cfc80af954d3458906e38ca22c18cf5c261"

"@esbuild/freebsd-x64@0.23.0":
  version "0.23.0"
  resolved "https://registry.yarnpkg.com/@esbuild/freebsd-x64/-/freebsd-x64-0.23.0.tgz#1003a6668fe1f5d4439e6813e5b09a92981bc79d"

"@esbuild/linux-arm64@0.21.5":
  version "0.21.5"
  resolved "https://registry.yarnpkg.com/@esbuild/linux-arm64/-/linux-arm64-0.21.5.tgz#70ac6fa14f5cb7e1f7f887bcffb680ad09922b5b"

"@esbuild/linux-arm64@0.23.0":
  version "0.23.0"
  resolved "https://registry.yarnpkg.com/@esbuild/linux-arm64/-/linux-arm64-0.23.0.tgz#3b9a56abfb1410bb6c9138790f062587df3e6e3a"

"@esbuild/linux-arm@0.21.5":
  version "0.21.5"
  resolved "https://registry.yarnpkg.com/@esbuild/linux-arm/-/linux-arm-0.21.5.tgz#fc6fd11a8aca56c1f6f3894f2bea0479f8f626b9"

"@esbuild/linux-arm@0.23.0":
  version "0.23.0"
  resolved "https://registry.yarnpkg.com/@esbuild/linux-arm/-/linux-arm-0.23.0.tgz#237a8548e3da2c48cd79ae339a588f03d1889aad"

"@esbuild/linux-ia32@0.21.5":
  version "0.21.5"
  resolved "https://registry.yarnpkg.com/@esbuild/linux-ia32/-/linux-ia32-0.21.5.tgz#3271f53b3f93e3d093d518d1649d6d68d346ede2"

"@esbuild/linux-ia32@0.23.0":
  version "0.23.0"
  resolved "https://registry.yarnpkg.com/@esbuild/linux-ia32/-/linux-ia32-0.23.0.tgz#4269cd19cb2de5de03a7ccfc8855dde3d284a238"

"@esbuild/linux-loong64@0.21.5":
  version "0.21.5"
  resolved "https://registry.yarnpkg.com/@esbuild/linux-loong64/-/linux-loong64-0.21.5.tgz#ed62e04238c57026aea831c5a130b73c0f9f26df"

"@esbuild/linux-loong64@0.23.0":
  version "0.23.0"
  resolved "https://registry.yarnpkg.com/@esbuild/linux-loong64/-/linux-loong64-0.23.0.tgz#82b568f5658a52580827cc891cb69d2cb4f86280"

"@esbuild/linux-mips64el@0.21.5":
  version "0.21.5"
  resolved "https://registry.yarnpkg.com/@esbuild/linux-mips64el/-/linux-mips64el-0.21.5.tgz#e79b8eb48bf3b106fadec1ac8240fb97b4e64cbe"

"@esbuild/linux-mips64el@0.23.0":
  version "0.23.0"
  resolved "https://registry.yarnpkg.com/@esbuild/linux-mips64el/-/linux-mips64el-0.23.0.tgz#9a57386c926262ae9861c929a6023ed9d43f73e5"

"@esbuild/linux-ppc64@0.21.5":
  version "0.21.5"
  resolved "https://registry.yarnpkg.com/@esbuild/linux-ppc64/-/linux-ppc64-0.21.5.tgz#5f2203860a143b9919d383ef7573521fb154c3e4"

"@esbuild/linux-ppc64@0.23.0":
  version "0.23.0"
  resolved "https://registry.yarnpkg.com/@esbuild/linux-ppc64/-/linux-ppc64-0.23.0.tgz#f3a79fd636ba0c82285d227eb20ed8e31b4444f6"

"@esbuild/linux-riscv64@0.21.5":
  version "0.21.5"
  resolved "https://registry.yarnpkg.com/@esbuild/linux-riscv64/-/linux-riscv64-0.21.5.tgz#07bcafd99322d5af62f618cb9e6a9b7f4bb825dc"

"@esbuild/linux-riscv64@0.23.0":
  version "0.23.0"
  resolved "https://registry.yarnpkg.com/@esbuild/linux-riscv64/-/linux-riscv64-0.23.0.tgz#f9d2ef8356ce6ce140f76029680558126b74c780"

"@esbuild/linux-s390x@0.21.5":
  version "0.21.5"
  resolved "https://registry.yarnpkg.com/@esbuild/linux-s390x/-/linux-s390x-0.21.5.tgz#b7ccf686751d6a3e44b8627ababc8be3ef62d8de"

"@esbuild/linux-s390x@0.23.0":
  version "0.23.0"
  resolved "https://registry.yarnpkg.com/@esbuild/linux-s390x/-/linux-s390x-0.23.0.tgz#45390f12e802201f38a0229e216a6aed4351dfe8"

"@esbuild/linux-x64@0.21.5":
  version "0.21.5"
  resolved "https://registry.yarnpkg.com/@esbuild/linux-x64/-/linux-x64-0.21.5.tgz#6d8f0c768e070e64309af8004bb94e68ab2bb3b0"

"@esbuild/linux-x64@0.23.0":
  version "0.23.0"
  resolved "https://registry.yarnpkg.com/@esbuild/linux-x64/-/linux-x64-0.23.0.tgz#c8409761996e3f6db29abcf9b05bee8d7d80e910"

"@esbuild/netbsd-x64@0.21.5":
  version "0.21.5"
  resolved "https://registry.yarnpkg.com/@esbuild/netbsd-x64/-/netbsd-x64-0.21.5.tgz#bbe430f60d378ecb88decb219c602667387a6047"

"@esbuild/netbsd-x64@0.23.0":
  version "0.23.0"
  resolved "https://registry.yarnpkg.com/@esbuild/netbsd-x64/-/netbsd-x64-0.23.0.tgz#ba70db0114380d5f6cfb9003f1d378ce989cd65c"

"@esbuild/openbsd-arm64@0.23.0":
  version "0.23.0"
  resolved "https://registry.yarnpkg.com/@esbuild/openbsd-arm64/-/openbsd-arm64-0.23.0.tgz#72fc55f0b189f7a882e3cf23f332370d69dfd5db"

"@esbuild/openbsd-x64@0.21.5":
  version "0.21.5"
  resolved "https://registry.yarnpkg.com/@esbuild/openbsd-x64/-/openbsd-x64-0.21.5.tgz#99d1cf2937279560d2104821f5ccce220cb2af70"

"@esbuild/openbsd-x64@0.23.0":
  version "0.23.0"
  resolved "https://registry.yarnpkg.com/@esbuild/openbsd-x64/-/openbsd-x64-0.23.0.tgz#b6ae7a0911c18fe30da3db1d6d17a497a550e5d8"

"@esbuild/sunos-x64@0.21.5":
  version "0.21.5"
  resolved "https://registry.yarnpkg.com/@esbuild/sunos-x64/-/sunos-x64-0.21.5.tgz#08741512c10d529566baba837b4fe052c8f3487b"

"@esbuild/sunos-x64@0.23.0":
  version "0.23.0"
  resolved "https://registry.yarnpkg.com/@esbuild/sunos-x64/-/sunos-x64-0.23.0.tgz#58f0d5e55b9b21a086bfafaa29f62a3eb3470ad8"

"@esbuild/win32-arm64@0.21.5":
  version "0.21.5"
  resolved "https://registry.yarnpkg.com/@esbuild/win32-arm64/-/win32-arm64-0.21.5.tgz#675b7385398411240735016144ab2e99a60fc75d"

"@esbuild/win32-arm64@0.23.0":
  version "0.23.0"
  resolved "https://registry.yarnpkg.com/@esbuild/win32-arm64/-/win32-arm64-0.23.0.tgz#b858b2432edfad62e945d5c7c9e5ddd0f528ca6d"

"@esbuild/win32-ia32@0.21.5":
  version "0.21.5"
  resolved "https://registry.yarnpkg.com/@esbuild/win32-ia32/-/win32-ia32-0.21.5.tgz#1bfc3ce98aa6ca9a0969e4d2af72144c59c1193b"

"@esbuild/win32-ia32@0.23.0":
  version "0.23.0"
  resolved "https://registry.yarnpkg.com/@esbuild/win32-ia32/-/win32-ia32-0.23.0.tgz#167ef6ca22a476c6c0c014a58b4f43ae4b80dec7"

"@esbuild/win32-x64@0.21.5":
  version "0.21.5"
  resolved "https://registry.yarnpkg.com/@esbuild/win32-x64/-/win32-x64-0.21.5.tgz#acad351d582d157bb145535db2a6ff53dd514b5c"

"@esbuild/win32-x64@0.23.0":
  version "0.23.0"
  resolved "https://registry.yarnpkg.com/@esbuild/win32-x64/-/win32-x64-0.23.0.tgz#db44a6a08520b5f25bbe409f34a59f2d4bcc7ced"

"@rollup/rollup-android-arm-eabi@4.18.1":
  version "4.18.1"
  resolved "https://registry.yarnpkg.com/@rollup/rollup-android-arm-eabi/-/rollup-android-arm-eabi-4.18.1.tgz#f0da481244b7d9ea15296b35f7fe39cd81157396"

"@rollup/rollup-android-arm64@4.18.1":
  version "4.18.1"
  resolved "https://registry.yarnpkg.com/@rollup/rollup-android-arm64/-/rollup-android-arm64-4.18.1.tgz#82ab3c575f4235fb647abea5e08eec6cf325964e"

"@rollup/rollup-darwin-arm64@4.18.1":
  version "4.18.1"
  resolved "https://registry.yarnpkg.com/@rollup/rollup-darwin-arm64/-/rollup-darwin-arm64-4.18.1.tgz#6a530452e68a9152809ce58de1f89597632a085b"

"@rollup/rollup-darwin-x64@4.18.1":
  version "4.18.1"
  resolved "https://registry.yarnpkg.com/@rollup/rollup-darwin-x64/-/rollup-darwin-x64-4.18.1.tgz#47727479f5ca292cf434d7e75af2725b724ecbc7"

"@rollup/rollup-linux-arm-gnueabihf@4.18.1":
  version "4.18.1"
  resolved "https://registry.yarnpkg.com/@rollup/rollup-linux-arm-gnueabihf/-/rollup-linux-arm-gnueabihf-4.18.1.tgz#46193c498aa7902a8db89ac00128060320e84fef"

"@rollup/rollup-linux-arm-musleabihf@4.18.1":
  version "4.18.1"
  resolved "https://registry.yarnpkg.com/@rollup/rollup-linux-arm-musleabihf/-/rollup-linux-arm-musleabihf-4.18.1.tgz#22d831fe239643c1d05c98906420325cee439d85"

"@rollup/rollup-linux-arm64-gnu@4.18.1":
  version "4.18.1"
  resolved "https://registry.yarnpkg.com/@rollup/rollup-linux-arm64-gnu/-/rollup-linux-arm64-gnu-4.18.1.tgz#19abd33695ec9d588b4a858d122631433084e4a3"

"@rollup/rollup-linux-arm64-musl@4.18.1":
  version "4.18.1"
  resolved "https://registry.yarnpkg.com/@rollup/rollup-linux-arm64-musl/-/rollup-linux-arm64-musl-4.18.1.tgz#d60af8c0b9be424424ff96a0ba19fce65d26f6ab"

"@rollup/rollup-linux-powerpc64le-gnu@4.18.1":
  version "4.18.1"
  resolved "https://registry.yarnpkg.com/@rollup/rollup-linux-powerpc64le-gnu/-/rollup-linux-powerpc64le-gnu-4.18.1.tgz#b1194e5ed6d138fdde0842d126fccde74a90f457"

"@rollup/rollup-linux-riscv64-gnu@4.18.1":
  version "4.18.1"
  resolved "https://registry.yarnpkg.com/@rollup/rollup-linux-riscv64-gnu/-/rollup-linux-riscv64-gnu-4.18.1.tgz#f5a635c017b9bff8b856b0221fbd5c0e3373b7ec"

"@rollup/rollup-linux-s390x-gnu@4.18.1":
  version "4.18.1"
  resolved "https://registry.yarnpkg.com/@rollup/rollup-linux-s390x-gnu/-/rollup-linux-s390x-gnu-4.18.1.tgz#f1043d9f4026bf6995863cb3f8dd4732606e4baa"

"@rollup/rollup-linux-x64-gnu@4.18.1":
  version "4.18.1"
  resolved "https://registry.yarnpkg.com/@rollup/rollup-linux-x64-gnu/-/rollup-linux-x64-gnu-4.18.1.tgz#1e781730be445119f06c9df5f185e193bc82c610"

"@rollup/rollup-linux-x64-musl@4.18.1":
  version "4.18.1"
  resolved "https://registry.yarnpkg.com/@rollup/rollup-linux-x64-musl/-/rollup-linux-x64-musl-4.18.1.tgz#08f12e1965d6f27d6898ff932592121cca6abc4b"

"@rollup/rollup-win32-arm64-msvc@4.18.1":
  version "4.18.1"
  resolved "https://registry.yarnpkg.com/@rollup/rollup-win32-arm64-msvc/-/rollup-win32-arm64-msvc-4.18.1.tgz#4a5dcbbe7af7d41cac92b09798e7c1831da1f599"

"@rollup/rollup-win32-ia32-msvc@4.18.1":
  version "4.18.1"
  resolved "https://registry.yarnpkg.com/@rollup/rollup-win32-ia32-msvc/-/rollup-win32-ia32-msvc-4.18.1.tgz#075b0713de627843a73b4cf0e087c56b53e9d780"

"@rollup/rollup-win32-x64-msvc@4.18.1":
  version "4.18.1"
  resolved "https://registry.yarnpkg.com/@rollup/rollup-win32-x64-msvc/-/rollup-win32-x64-msvc-4.18.1.tgz#0cb240c147c0dfd0e3eaff4cc060a772d39e155c"

"@types/estree@1.0.5":
  version "1.0.5"
  resolved "https://registry.yarnpkg.com/@types/estree/-/estree-1.0.5.tgz#a6ce3e556e00fd9895dd872dd172ad0d4bd687f4"

anymatch@~3.1.2:
  version "3.1.3"
  resolved "https://registry.yarnpkg.com/anymatch/-/anymatch-3.1.3.tgz#790c58b19ba1720a84205b57c618d5ad8524973e"
  dependencies:
    normalize-path "^3.0.0"
    picomatch "^2.0.4"

binary-extensions@^2.0.0:
  version "2.2.0"
  resolved "https://registry.yarnpkg.com/binary-extensions/-/binary-extensions-2.2.0.tgz#75f502eeaf9ffde42fc98829645be4ea76bd9e2d"

braces@~3.0.2:
  version "3.0.2"
  resolved "https://registry.yarnpkg.com/braces/-/braces-3.0.2.tgz#3454e1a462ee8d599e236df336cd9ea4f8afe107"
  dependencies:
    fill-range "^7.0.1"

"chokidar@>=3.0.0 <4.0.0":
  version "3.6.0"
  resolved "https://registry.yarnpkg.com/chokidar/-/chokidar-3.6.0.tgz#197c6cc669ef2a8dc5e7b4d97ee4e092c3eb0d5b"
  dependencies:
    anymatch "~3.1.2"
    braces "~3.0.2"
    glob-parent "~5.1.2"
    is-binary-path "~2.1.0"
    is-glob "~4.0.1"
    normalize-path "~3.0.0"
    readdirp "~3.6.0"
  optionalDependencies:
    fsevents "~2.3.2"

esbuild-sass-plugin@^3.3.1:
  version "3.3.1"
  resolved "https://registry.yarnpkg.com/esbuild-sass-plugin/-/esbuild-sass-plugin-3.3.1.tgz#74d096127bff10072042de30119235f276655566"
  dependencies:
    resolve "^1.22.8"
    safe-identifier "^0.4.2"
    sass "^1.71.1"

esbuild@^0.21.3:
  version "0.21.5"
  resolved "https://registry.yarnpkg.com/esbuild/-/esbuild-0.21.5.tgz#9ca301b120922959b766360d8ac830da0d02997d"
  optionalDependencies:
    "@esbuild/aix-ppc64" "0.21.5"
    "@esbuild/android-arm" "0.21.5"
    "@esbuild/android-arm64" "0.21.5"
    "@esbuild/android-x64" "0.21.5"
    "@esbuild/darwin-arm64" "0.21.5"
    "@esbuild/darwin-x64" "0.21.5"
    "@esbuild/freebsd-arm64" "0.21.5"
    "@esbuild/freebsd-x64" "0.21.5"
    "@esbuild/linux-arm" "0.21.5"
    "@esbuild/linux-arm64" "0.21.5"
    "@esbuild/linux-ia32" "0.21.5"
    "@esbuild/linux-loong64" "0.21.5"
    "@esbuild/linux-mips64el" "0.21.5"
    "@esbuild/linux-ppc64" "0.21.5"
    "@esbuild/linux-riscv64" "0.21.5"
    "@esbuild/linux-s390x" "0.21.5"
    "@esbuild/linux-x64" "0.21.5"
    "@esbuild/netbsd-x64" "0.21.5"
    "@esbuild/openbsd-x64" "0.21.5"
    "@esbuild/sunos-x64" "0.21.5"
    "@esbuild/win32-arm64" "0.21.5"
    "@esbuild/win32-ia32" "0.21.5"
    "@esbuild/win32-x64" "0.21.5"

esbuild@^0.23.0:
  version "0.23.0"
  resolved "https://registry.yarnpkg.com/esbuild/-/esbuild-0.23.0.tgz#de06002d48424d9fdb7eb52dbe8e95927f852599"
  optionalDependencies:
    "@esbuild/aix-ppc64" "0.23.0"
    "@esbuild/android-arm" "0.23.0"
    "@esbuild/android-arm64" "0.23.0"
    "@esbuild/android-x64" "0.23.0"
    "@esbuild/darwin-arm64" "0.23.0"
    "@esbuild/darwin-x64" "0.23.0"
    "@esbuild/freebsd-arm64" "0.23.0"
    "@esbuild/freebsd-x64" "0.23.0"
    "@esbuild/linux-arm" "0.23.0"
    "@esbuild/linux-arm64" "0.23.0"
    "@esbuild/linux-ia32" "0.23.0"
    "@esbuild/linux-loong64" "0.23.0"
    "@esbuild/linux-mips64el" "0.23.0"
    "@esbuild/linux-ppc64" "0.23.0"
    "@esbuild/linux-riscv64" "0.23.0"
    "@esbuild/linux-s390x" "0.23.0"
    "@esbuild/linux-x64" "0.23.0"
    "@esbuild/netbsd-x64" "0.23.0"
    "@esbuild/openbsd-arm64" "0.23.0"
    "@esbuild/openbsd-x64" "0.23.0"
    "@esbuild/sunos-x64" "0.23.0"
    "@esbuild/win32-arm64" "0.23.0"
    "@esbuild/win32-ia32" "0.23.0"
    "@esbuild/win32-x64" "0.23.0"

fill-range@^7.0.1:
  version "7.0.1"
  resolved "https://registry.yarnpkg.com/fill-range/-/fill-range-7.0.1.tgz#1919a6a7c75fe38b2c7c77e5198535da9acdda40"
  dependencies:
    to-regex-range "^5.0.1"

fsevents@~2.3.2, fsevents@~2.3.3:
  version "2.3.3"
  resolved "https://registry.yarnpkg.com/fsevents/-/fsevents-2.3.3.tgz#cac6407785d03675a2a5e1a5305c697b347d90d6"

function-bind@^1.1.2:
  version "1.1.2"
  resolved "https://registry.yarnpkg.com/function-bind/-/function-bind-1.1.2.tgz#2c02d864d97f3ea6c8830c464cbd11ab6eab7a1c"

glob-parent@~5.1.2:
  version "5.1.2"
  resolved "https://registry.yarnpkg.com/glob-parent/-/glob-parent-5.1.2.tgz#869832c58034fe68a4093c17dc15e8340d8401c4"
  dependencies:
    is-glob "^4.0.1"

hasown@^2.0.0:
  version "2.0.1"
  resolved "https://registry.yarnpkg.com/hasown/-/hasown-2.0.1.tgz#26f48f039de2c0f8d3356c223fb8d50253519faa"
  dependencies:
    function-bind "^1.1.2"

immutable@^4.0.0:
  version "4.3.5"
  resolved "https://registry.yarnpkg.com/immutable/-/immutable-4.3.5.tgz#f8b436e66d59f99760dc577f5c99a4fd2a5cc5a0"

is-binary-path@~2.1.0:
  version "2.1.0"
  resolved "https://registry.yarnpkg.com/is-binary-path/-/is-binary-path-2.1.0.tgz#ea1f7f3b80f064236e83470f86c09c254fb45b09"
  dependencies:
    binary-extensions "^2.0.0"

is-core-module@^2.13.0:
  version "2.13.1"
  resolved "https://registry.yarnpkg.com/is-core-module/-/is-core-module-2.13.1.tgz#ad0d7532c6fea9da1ebdc82742d74525c6273384"
  dependencies:
    hasown "^2.0.0"

is-extglob@^2.1.1:
  version "2.1.1"
  resolved "https://registry.yarnpkg.com/is-extglob/-/is-extglob-2.1.1.tgz#a88c02535791f02ed37c76a1b9ea9773c833f8c2"

is-glob@^4.0.1, is-glob@~4.0.1:
  version "4.0.3"
  resolved "https://registry.yarnpkg.com/is-glob/-/is-glob-4.0.3.tgz#64f61e42cbbb2eec2071a9dac0b28ba1e65d5084"
  dependencies:
    is-extglob "^2.1.1"

is-number@^7.0.0:
  version "7.0.0"
  resolved "https://registry.yarnpkg.com/is-number/-/is-number-7.0.0.tgz#7535345b896734d5f80c4d06c50955527a14f12b"

nanoid@^3.3.7:
  version "3.3.7"
  resolved "https://registry.yarnpkg.com/nanoid/-/nanoid-3.3.7.tgz#d0c301a691bc8d54efa0a2226ccf3fe2fd656bd8"

normalize-path@^3.0.0, normalize-path@~3.0.0:
  version "3.0.0"
  resolved "https://registry.yarnpkg.com/normalize-path/-/normalize-path-3.0.0.tgz#0dcd69ff23a1c9b11fd0978316644a0388216a65"

path-parse@^1.0.7:
  version "1.0.7"
  resolved "https://registry.yarnpkg.com/path-parse/-/path-parse-1.0.7.tgz#fbc114b60ca42b30d9daf5858e4bd68bbedb6735"

picocolors@^1.0.1:
  version "1.0.1"
  resolved "https://registry.yarnpkg.com/picocolors/-/picocolors-1.0.1.tgz#a8ad579b571952f0e5d25892de5445bcfe25aaa1"

picomatch@^2.0.4, picomatch@^2.2.1:
  version "2.3.1"
  resolved "https://registry.yarnpkg.com/picomatch/-/picomatch-2.3.1.tgz#3ba3833733646d9d3e4995946c1365a67fb07a42"

postcss@^8.4.39:
  version "8.4.39"
  resolved "https://registry.yarnpkg.com/postcss/-/postcss-8.4.39.tgz#aa3c94998b61d3a9c259efa51db4b392e1bde0e3"
  dependencies:
    nanoid "^3.3.7"
    picocolors "^1.0.1"
    source-map-js "^1.2.0"

readdirp@~3.6.0:
  version "3.6.0"
  resolved "https://registry.yarnpkg.com/readdirp/-/readdirp-3.6.0.tgz#74a370bd857116e245b29cc97340cd431a02a6c7"
  dependencies:
    picomatch "^2.2.1"

resolve@^1.22.8:
  version "1.22.8"
  resolved "https://registry.yarnpkg.com/resolve/-/resolve-1.22.8.tgz#b6c87a9f2aa06dfab52e3d70ac8cde321fa5a48d"
  dependencies:
    is-core-module "^2.13.0"
    path-parse "^1.0.7"
    supports-preserve-symlinks-flag "^1.0.0"

rollup@^4.13.0:
  version "4.18.1"
  resolved "https://registry.yarnpkg.com/rollup/-/rollup-4.18.1.tgz#18a606df5e76ca53b8a69f2d8eab256d69dda851"
  dependencies:
    "@types/estree" "1.0.5"
  optionalDependencies:
    "@rollup/rollup-android-arm-eabi" "4.18.1"
    "@rollup/rollup-android-arm64" "4.18.1"
    "@rollup/rollup-darwin-arm64" "4.18.1"
    "@rollup/rollup-darwin-x64" "4.18.1"
    "@rollup/rollup-linux-arm-gnueabihf" "4.18.1"
    "@rollup/rollup-linux-arm-musleabihf" "4.18.1"
    "@rollup/rollup-linux-arm64-gnu" "4.18.1"
    "@rollup/rollup-linux-arm64-musl" "4.18.1"
    "@rollup/rollup-linux-powerpc64le-gnu" "4.18.1"
    "@rollup/rollup-linux-riscv64-gnu" "4.18.1"
    "@rollup/rollup-linux-s390x-gnu" "4.18.1"
    "@rollup/rollup-linux-x64-gnu" "4.18.1"
    "@rollup/rollup-linux-x64-musl" "4.18.1"
    "@rollup/rollup-win32-arm64-msvc" "4.18.1"
    "@rollup/rollup-win32-ia32-msvc" "4.18.1"
    "@rollup/rollup-win32-x64-msvc" "4.18.1"
    fsevents "~2.3.2"

safe-identifier@^0.4.2:
  version "0.4.2"
  resolved "https://registry.yarnpkg.com/safe-identifier/-/safe-identifier-0.4.2.tgz#cf6bfca31c2897c588092d1750d30ef501d59fcb"

sass@^1.71.1, sass@^1.77.7:
  version "1.77.7"
  resolved "https://registry.yarnpkg.com/sass/-/sass-1.77.7.tgz#ef3520edc8f59da089f25891d8a6bebf93668ee0"
  dependencies:
    chokidar ">=3.0.0 <4.0.0"
    immutable "^4.0.0"
    source-map-js ">=0.6.2 <2.0.0"

"source-map-js@>=0.6.2 <2.0.0":
  version "1.0.2"
  resolved "https://registry.yarnpkg.com/source-map-js/-/source-map-js-1.0.2.tgz#adbc361d9c62df380125e7f161f71c826f1e490c"

source-map-js@^1.2.0:
  version "1.2.0"
  resolved "https://registry.yarnpkg.com/source-map-js/-/source-map-js-1.2.0.tgz#16b809c162517b5b8c3e7dcd315a2a5c2612b2af"

supports-preserve-symlinks-flag@^1.0.0:
  version "1.0.0"
  resolved "https://registry.yarnpkg.com/supports-preserve-symlinks-flag/-/supports-preserve-symlinks-flag-1.0.0.tgz#6eda4bd344a3c94aea376d4cc31bc77311039e09"

to-regex-range@^5.0.1:
  version "5.0.1"
  resolved "https://registry.yarnpkg.com/to-regex-range/-/to-regex-range-5.0.1.tgz#1648c44aae7c8d988a326018ed72f5b4dd0392e4"
  dependencies:
    is-number "^7.0.0"

typescript@^5.5.3:
  version "5.5.3"
  resolved "https://registry.yarnpkg.com/typescript/-/typescript-5.5.3.tgz#e1b0a3c394190838a0b168e771b0ad56a0af0faa"

vite@^5.3.3:
  version "5.3.3"
  resolved "https://registry.yarnpkg.com/vite/-/vite-5.3.3.tgz#5265b1f0a825b3b6564c2d07524777c83e3c04c2"
  dependencies:
    esbuild "^0.21.3"
    postcss "^8.4.39"
    rollup "^4.13.0"
  optionalDependencies:
    fsevents "~2.3.3"
